// !$*UTF8*$!
{
	archiveVersion = 1;
	classes = {
	};
	objectVersion = 48;
	objects = {

/* Begin PBXBuildFile section */
		096AE424CA2512F7B44FA95B /* Pods_Ngage.framework in Frameworks */ = {isa = PBXBuildFile; fileRef = 0191F275C93C0A87A443C57B /* Pods_Ngage.framework */; };
		4994B0BD3E4BAF9D60EB6542 /* Pods_NgageTests.framework in Frameworks */ = {isa = PBXBuildFile; fileRef = 3D4C35B8404EBAAA8F1D694A /* Pods_NgageTests.framework */; };
		5003679A20270770007E693A /* WebViewTaskViewController.swift in Sources */ = {isa = PBXBuildFile; fileRef = 5003679920270770007E693A /* WebViewTaskViewController.swift */; };
		50141F58202CC6630082EF2B /* AudioPlayerView.swift in Sources */ = {isa = PBXBuildFile; fileRef = 50141F57202CC6630082EF2B /* AudioPlayerView.swift */; };
		50141F5A202CC67F0082EF2B /* AudioPlayerView.xib in Resources */ = {isa = PBXBuildFile; fileRef = 50141F59202CC67F0082EF2B /* AudioPlayerView.xib */; };
		501AE42D201849490088983A /* AppDelegate.swift in Sources */ = {isa = PBXBuildFile; fileRef = 501AE42C201849490088983A /* AppDelegate.swift */; };
		501AE42F201849490088983A /* ViewController.swift in Sources */ = {isa = PBXBuildFile; fileRef = 501AE42E201849490088983A /* ViewController.swift */; };
		501AE432201849490088983A /* Main.storyboard in Resources */ = {isa = PBXBuildFile; fileRef = 501AE430201849490088983A /* Main.storyboard */; };
		501AE434201849490088983A /* Assets.xcassets in Resources */ = {isa = PBXBuildFile; fileRef = 501AE433201849490088983A /* Assets.xcassets */; };
		501AE437201849490088983A /* LaunchScreen.storyboard in Resources */ = {isa = PBXBuildFile; fileRef = 501AE435201849490088983A /* LaunchScreen.storyboard */; };
		501AE442201849490088983A /* NgageTests.swift in Sources */ = {isa = PBXBuildFile; fileRef = 501AE441201849490088983A /* NgageTests.swift */; };
		501AE44D201849490088983A /* NgageUITests.swift in Sources */ = {isa = PBXBuildFile; fileRef = 501AE44C201849490088983A /* NgageUITests.swift */; };
		5020B5CE201C677A00A3933F /* TaskViewController.swift in Sources */ = {isa = PBXBuildFile; fileRef = 5020B5CD201C677A00A3933F /* TaskViewController.swift */; };
		5020B5D0201C6E3F00A3933F /* TaskTableViewCell.swift in Sources */ = {isa = PBXBuildFile; fileRef = 5020B5CF201C6E3F00A3933F /* TaskTableViewCell.swift */; };
		5020B5D2201C753500A3933F /* AccomplishmentView.swift in Sources */ = {isa = PBXBuildFile; fileRef = 5020B5D1201C753500A3933F /* AccomplishmentView.swift */; };
		502403B120258D4900180BAC /* Constants.swift in Sources */ = {isa = PBXBuildFile; fileRef = 502403B020258D4900180BAC /* Constants.swift */; };
		50366C83202C95E800AA9B1A /* View.swift in Sources */ = {isa = PBXBuildFile; fileRef = 50366C82202C95E800AA9B1A /* View.swift */; };
		5038847B20308ED80042C5A0 /* FBShareTaskViewController.swift in Sources */ = {isa = PBXBuildFile; fileRef = 5038847A20308ED80042C5A0 /* FBShareTaskViewController.swift */; };
		5038847C203098690042C5A0 /* UserModel.swift in Sources */ = {isa = PBXBuildFile; fileRef = 8CDE84B3201F7A7500C525A4 /* UserModel.swift */; };
		503E62D4201A1CD900363D80 /* HomeViewController.swift in Sources */ = {isa = PBXBuildFile; fileRef = 503E62D3201A1CD900363D80 /* HomeViewController.swift */; };
		503E62D7201A1D9600363D80 /* HomeCollectionViewCell.swift in Sources */ = {isa = PBXBuildFile; fileRef = 503E62D6201A1D9600363D80 /* HomeCollectionViewCell.swift */; };
		506B09CF20234AFC0017C481 /* PinVerificationViewController.swift in Sources */ = {isa = PBXBuildFile; fileRef = 506B09CE20234AFC0017C481 /* PinVerificationViewController.swift */; };
		506C34712037FD05004E651C /* TaskInstructionsViewController.swift in Sources */ = {isa = PBXBuildFile; fileRef = 506C34702037FD05004E651C /* TaskInstructionsViewController.swift */; };
		506C347320381679004E651C /* CongratulationsMCTaskViewController.swift in Sources */ = {isa = PBXBuildFile; fileRef = 506C347220381679004E651C /* CongratulationsMCTaskViewController.swift */; };
		506C34762038540D004E651C /* GameKit.framework in Frameworks */ = {isa = PBXBuildFile; fileRef = 506C34752038540D004E651C /* GameKit.framework */; };
		506C347820385413004E651C /* StoreKit.framework in Frameworks */ = {isa = PBXBuildFile; fileRef = 506C347720385413004E651C /* StoreKit.framework */; };
		506C347A203854B1004E651C /* ContactListViewController.swift in Sources */ = {isa = PBXBuildFile; fileRef = 506C3479203854B1004E651C /* ContactListViewController.swift */; };
		5078EA632029F8F900E35591 /* Tasks.storyboard in Resources */ = {isa = PBXBuildFile; fileRef = 5078EA622029F8F900E35591 /* Tasks.storyboard */; };
		5078EA652029FC3F00E35591 /* MultipleChoiceTaskViewController.swift in Sources */ = {isa = PBXBuildFile; fileRef = 5078EA642029FC3F00E35591 /* MultipleChoiceTaskViewController.swift */; };
		5078EA672029FD0C00E35591 /* Button.swift in Sources */ = {isa = PBXBuildFile; fileRef = 5078EA662029FD0C00E35591 /* Button.swift */; };
		50814936201A298600D66514 /* MarketViewController.swift in Sources */ = {isa = PBXBuildFile; fileRef = 50814935201A298600D66514 /* MarketViewController.swift */; };
		50814938201A2A4600D66514 /* MarketButtonCollectionViewCell.swift in Sources */ = {isa = PBXBuildFile; fileRef = 50814937201A2A4600D66514 /* MarketButtonCollectionViewCell.swift */; };
		5081493B201A2CFC00D66514 /* String.swift in Sources */ = {isa = PBXBuildFile; fileRef = 5081493A201A2CFC00D66514 /* String.swift */; };
		509B0FA52019A77000DC0F21 /* HomeStoryboard.storyboard in Resources */ = {isa = PBXBuildFile; fileRef = 509B0FA42019A77000DC0F21 /* HomeStoryboard.storyboard */; };
		509C3918201BB20A0015A35B /* DrawerFrontViewController.swift in Sources */ = {isa = PBXBuildFile; fileRef = 509C3917201BB20A0015A35B /* DrawerFrontViewController.swift */; };
		509C391A201BB21F0015A35B /* MainViewController.swift in Sources */ = {isa = PBXBuildFile; fileRef = 509C3919201BB21F0015A35B /* MainViewController.swift */; };
		509C391C201BB6EA0015A35B /* DrawerTableViewCell.swift in Sources */ = {isa = PBXBuildFile; fileRef = 509C391B201BB6EA0015A35B /* DrawerTableViewCell.swift */; };
		50A41D622025C5BD0062A287 /* Color.swift in Sources */ = {isa = PBXBuildFile; fileRef = 50A41D612025C5BC0062A287 /* Color.swift */; };
		50A9C0F020385D3400F46DE8 /* VideoTaskViewController.swift in Sources */ = {isa = PBXBuildFile; fileRef = 50A9C0EF20385D3400F46DE8 /* VideoTaskViewController.swift */; };
		50A9C0F220389B8B00F46DE8 /* InstallTaskViewController.swift in Sources */ = {isa = PBXBuildFile; fileRef = 50A9C0F120389B8B00F46DE8 /* InstallTaskViewController.swift */; };
		50C1259A201F03FA0051D3E8 /* LoginViewController.swift in Sources */ = {isa = PBXBuildFile; fileRef = 50C12599201F03FA0051D3E8 /* LoginViewController.swift */; };
		50C8B009201F32230014DCEF /* APIManager.swift in Sources */ = {isa = PBXBuildFile; fileRef = 50C8B008201F32230014DCEF /* APIManager.swift */; };
		50C8B00E201F741F0014DCEF /* RequestManager.swift in Sources */ = {isa = PBXBuildFile; fileRef = 50C8B00D201F741F0014DCEF /* RequestManager.swift */; };
		50C8B010201F7B780014DCEF /* ServiceManager.swift in Sources */ = {isa = PBXBuildFile; fileRef = 50C8B00F201F7B780014DCEF /* ServiceManager.swift */; };
		50DBE5352025E2F00017DE63 /* DownloadImageClass.swift in Sources */ = {isa = PBXBuildFile; fileRef = 50DBE5342025E2F00017DE63 /* DownloadImageClass.swift */; };
		50DF518D203015E800F16FB4 /* TaskNameThatSountPlayerView.swift in Sources */ = {isa = PBXBuildFile; fileRef = 50DF518C203015E800F16FB4 /* TaskNameThatSountPlayerView.swift */; };
		50DF518F203015FC00F16FB4 /* TaskNameThatSoundView.xib in Resources */ = {isa = PBXBuildFile; fileRef = 50DF518E203015FC00F16FB4 /* TaskNameThatSoundView.xib */; };
		50DF519120303B6100F16FB4 /* AVFoundation.framework in Frameworks */ = {isa = PBXBuildFile; fileRef = 50DF519020303B6100F16FB4 /* AVFoundation.framework */; };
		50DF519320303B6B00F16FB4 /* AVKit.framework in Frameworks */ = {isa = PBXBuildFile; fileRef = 50DF519220303B6B00F16FB4 /* AVKit.framework */; };
		50DF519520303BEA00F16FB4 /* VideoPlayerTaskViewController.swift in Sources */ = {isa = PBXBuildFile; fileRef = 50DF519420303BEA00F16FB4 /* VideoPlayerTaskViewController.swift */; };
		50DF519720303FE200F16FB4 /* CameraTask.swift in Sources */ = {isa = PBXBuildFile; fileRef = 50DF519620303FE200F16FB4 /* CameraTask.swift */; };
		50E9D824202F63570018A3E5 /* QuestionsModel.swift in Sources */ = {isa = PBXBuildFile; fileRef = 50E9D823202F63570018A3E5 /* QuestionsModel.swift */; };
		50ED77F0203A1529004CAA74 /* HistoryViewController.swift in Sources */ = {isa = PBXBuildFile; fileRef = 50ED77EF203A1529004CAA74 /* HistoryViewController.swift */; };
		50F15E182022000700A3E589 /* OnboardingViewController.swift in Sources */ = {isa = PBXBuildFile; fileRef = 50F15E172022000700A3E589 /* OnboardingViewController.swift */; };
		50F15E1A2022167E00A3E589 /* ReferralCodeViewController.swift in Sources */ = {isa = PBXBuildFile; fileRef = 50F15E192022167E00A3E589 /* ReferralCodeViewController.swift */; };
		50F15E1C2022172600A3E589 /* MSISDNViewController.swift in Sources */ = {isa = PBXBuildFile; fileRef = 50F15E1B2022172600A3E589 /* MSISDNViewController.swift */; };
		50FA4AF9203CB236006CC8BD /* TimeManager.swift in Sources */ = {isa = PBXBuildFile; fileRef = 50FA4AF8203CB236006CC8BD /* TimeManager.swift */; };
		50FC56DB201BAAC70015D4C5 /* DrawerViewController.swift in Sources */ = {isa = PBXBuildFile; fileRef = 50FC56DA201BAAC70015D4C5 /* DrawerViewController.swift */; };
		50FC56DD201BACFD0015D4C5 /* NavigationController.swift in Sources */ = {isa = PBXBuildFile; fileRef = 50FC56DC201BACFD0015D4C5 /* NavigationController.swift */; };
		50FC56E0201BADF80015D4C5 /* Util.swift in Sources */ = {isa = PBXBuildFile; fileRef = 50FC56DF201BADF80015D4C5 /* Util.swift */; };
		8C3C3FC52039DDFF000EBEEC /* RedeemMerchantViewController.swift in Sources */ = {isa = PBXBuildFile; fileRef = 8C3C3FC42039DDFF000EBEEC /* RedeemMerchantViewController.swift */; };
		8C3C3FC72039E66C000EBEEC /* MerchantLocationsViewController.swift in Sources */ = {isa = PBXBuildFile; fileRef = 8C3C3FC62039E66C000EBEEC /* MerchantLocationsViewController.swift */; };
		8C3C3FCA2039E95E000EBEEC /* RedeemStoryboard.storyboard in Resources */ = {isa = PBXBuildFile; fileRef = 8C3C3FC92039E95E000EBEEC /* RedeemStoryboard.storyboard */; };
		8C3C3FCC2039F787000EBEEC /* RedeemMerchantFormViewController.swift in Sources */ = {isa = PBXBuildFile; fileRef = 8C3C3FCB2039F787000EBEEC /* RedeemMerchantFormViewController.swift */; };
		8C3C3FCE2039F9F9000EBEEC /* MerchantFormInfoTableViewCell.swift in Sources */ = {isa = PBXBuildFile; fileRef = 8C3C3FCD2039F9F9000EBEEC /* MerchantFormInfoTableViewCell.swift */; };
		8C3C3FD02039FA23000EBEEC /* MerchantFormMessageTableViewCell.swift in Sources */ = {isa = PBXBuildFile; fileRef = 8C3C3FCF2039FA23000EBEEC /* MerchantFormMessageTableViewCell.swift */; };
		8C47287B2022074400589594 /* ProfileTableViewCell.swift in Sources */ = {isa = PBXBuildFile; fileRef = 8C47287A2022074400589594 /* ProfileTableViewCell.swift */; };
		8C7C4B6720270C1C00795264 /* UserProfileViewController.swift in Sources */ = {isa = PBXBuildFile; fileRef = 8C7C4B6620270C1C00795264 /* UserProfileViewController.swift */; };
		8C7C4B69202737CC00795264 /* UserPointsTableViewCell.swift in Sources */ = {isa = PBXBuildFile; fileRef = 8C7C4B68202737CC00795264 /* UserPointsTableViewCell.swift */; };
		8CCD9CE4202C9392000D887F /* RedeemableTableViewCell.swift in Sources */ = {isa = PBXBuildFile; fileRef = 8CCD9CE3202C9392000D887F /* RedeemableTableViewCell.swift */; };
		8CCD9CE6202C95C3000D887F /* MarketModel.swift in Sources */ = {isa = PBXBuildFile; fileRef = 8CCD9CE5202C95C3000D887F /* MarketModel.swift */; };
		8CCD9CE8202C961C000D887F /* RedeemableModel.swift in Sources */ = {isa = PBXBuildFile; fileRef = 8CCD9CE7202C961C000D887F /* RedeemableModel.swift */; };
		8CDE8497201F69C400C525A4 /* Ngage.xcdatamodeld in Sources */ = {isa = PBXBuildFile; fileRef = 8CDE8494201F69C400C525A4 /* Ngage.xcdatamodeld */; };
		8CDE84B1201F743100C525A4 /* CoreDataManager.swift in Sources */ = {isa = PBXBuildFile; fileRef = 8CDE84B0201F743100C525A4 /* CoreDataManager.swift */; };
		8CDE84B6201F7CA900C525A4 /* TaskModel.swift in Sources */ = {isa = PBXBuildFile; fileRef = 8CDE84B5201F7CA900C525A4 /* TaskModel.swift */; };
		8CDE84B8201F7CBA00C525A4 /* MissionModel.swift in Sources */ = {isa = PBXBuildFile; fileRef = 8CDE84B7201F7CBA00C525A4 /* MissionModel.swift */; };
		8CE69F5C2039381200BE3806 /* RedeemViewController.swift in Sources */ = {isa = PBXBuildFile; fileRef = 8CE69F5B2039381200BE3806 /* RedeemViewController.swift */; };
		8CF7451E2029F8C400C44C06 /* MarketPageViewController.swift in Sources */ = {isa = PBXBuildFile; fileRef = 8CF7451D2029F8C400C44C06 /* MarketPageViewController.swift */; };
		8CF745232029FED700C44C06 /* SingleMarketTableViewController.swift in Sources */ = {isa = PBXBuildFile; fileRef = 8CF745222029FED700C44C06 /* SingleMarketTableViewController.swift */; };
		D726018ECEDF3F36F0A99D6C /* Pods_NgageUITests.framework in Frameworks */ = {isa = PBXBuildFile; fileRef = 41DBAD273C9A803CE49A8B20 /* Pods_NgageUITests.framework */; };
/* End PBXBuildFile section */

/* Begin PBXContainerItemProxy section */
		501AE43E201849490088983A /* PBXContainerItemProxy */ = {
			isa = PBXContainerItemProxy;
			containerPortal = 501AE421201849490088983A /* Project object */;
			proxyType = 1;
			remoteGlobalIDString = 501AE428201849490088983A;
			remoteInfo = Ngage;
		};
		501AE449201849490088983A /* PBXContainerItemProxy */ = {
			isa = PBXContainerItemProxy;
			containerPortal = 501AE421201849490088983A /* Project object */;
			proxyType = 1;
			remoteGlobalIDString = 501AE428201849490088983A;
			remoteInfo = Ngage;
		};
/* End PBXContainerItemProxy section */

/* Begin PBXFileReference section */
		0191F275C93C0A87A443C57B /* Pods_Ngage.framework */ = {isa = PBXFileReference; explicitFileType = wrapper.framework; includeInIndex = 0; path = Pods_Ngage.framework; sourceTree = BUILT_PRODUCTS_DIR; };
		1634997F46C90DB1903E090C /* Pods-NgageTests.debug.xcconfig */ = {isa = PBXFileReference; includeInIndex = 1; lastKnownFileType = text.xcconfig; name = "Pods-NgageTests.debug.xcconfig"; path = "Pods/Target Support Files/Pods-NgageTests/Pods-NgageTests.debug.xcconfig"; sourceTree = "<group>"; };
		2104C45A66AF35AF536B3938 /* Pods-NgageUITests.release.xcconfig */ = {isa = PBXFileReference; includeInIndex = 1; lastKnownFileType = text.xcconfig; name = "Pods-NgageUITests.release.xcconfig"; path = "Pods/Target Support Files/Pods-NgageUITests/Pods-NgageUITests.release.xcconfig"; sourceTree = "<group>"; };
		3D4C35B8404EBAAA8F1D694A /* Pods_NgageTests.framework */ = {isa = PBXFileReference; explicitFileType = wrapper.framework; includeInIndex = 0; path = Pods_NgageTests.framework; sourceTree = BUILT_PRODUCTS_DIR; };
		41DBAD273C9A803CE49A8B20 /* Pods_NgageUITests.framework */ = {isa = PBXFileReference; explicitFileType = wrapper.framework; includeInIndex = 0; path = Pods_NgageUITests.framework; sourceTree = BUILT_PRODUCTS_DIR; };
		500367902026FA77007E693A /* Ngage-Bridging-Header.h */ = {isa = PBXFileReference; lastKnownFileType = sourcecode.c.h; path = "Ngage-Bridging-Header.h"; sourceTree = "<group>"; };
		5003679920270770007E693A /* WebViewTaskViewController.swift */ = {isa = PBXFileReference; lastKnownFileType = sourcecode.swift; path = WebViewTaskViewController.swift; sourceTree = "<group>"; };
		50141F57202CC6630082EF2B /* AudioPlayerView.swift */ = {isa = PBXFileReference; lastKnownFileType = sourcecode.swift; path = AudioPlayerView.swift; sourceTree = "<group>"; };
		50141F59202CC67F0082EF2B /* AudioPlayerView.xib */ = {isa = PBXFileReference; lastKnownFileType = file.xib; path = AudioPlayerView.xib; sourceTree = "<group>"; };
		501AE429201849490088983A /* Ngage PH.app */ = {isa = PBXFileReference; explicitFileType = wrapper.application; includeInIndex = 0; path = "Ngage PH.app"; sourceTree = BUILT_PRODUCTS_DIR; };
		501AE42C201849490088983A /* AppDelegate.swift */ = {isa = PBXFileReference; lastKnownFileType = sourcecode.swift; path = AppDelegate.swift; sourceTree = "<group>"; };
		501AE42E201849490088983A /* ViewController.swift */ = {isa = PBXFileReference; lastKnownFileType = sourcecode.swift; path = ViewController.swift; sourceTree = "<group>"; };
		501AE431201849490088983A /* Base */ = {isa = PBXFileReference; lastKnownFileType = file.storyboard; name = Base; path = Base.lproj/Main.storyboard; sourceTree = "<group>"; };
		501AE433201849490088983A /* Assets.xcassets */ = {isa = PBXFileReference; lastKnownFileType = folder.assetcatalog; path = Assets.xcassets; sourceTree = "<group>"; };
		501AE436201849490088983A /* Base */ = {isa = PBXFileReference; lastKnownFileType = file.storyboard; name = Base; path = Base.lproj/LaunchScreen.storyboard; sourceTree = "<group>"; };
		501AE438201849490088983A /* Info.plist */ = {isa = PBXFileReference; lastKnownFileType = text.plist.xml; path = Info.plist; sourceTree = "<group>"; };
		501AE43D201849490088983A /* Ngage PHTests.xctest */ = {isa = PBXFileReference; explicitFileType = wrapper.cfbundle; includeInIndex = 0; path = "Ngage PHTests.xctest"; sourceTree = BUILT_PRODUCTS_DIR; };
		501AE441201849490088983A /* NgageTests.swift */ = {isa = PBXFileReference; lastKnownFileType = sourcecode.swift; path = NgageTests.swift; sourceTree = "<group>"; };
		501AE443201849490088983A /* Info.plist */ = {isa = PBXFileReference; lastKnownFileType = text.plist.xml; path = Info.plist; sourceTree = "<group>"; };
		501AE448201849490088983A /* Ngage PHUITests.xctest */ = {isa = PBXFileReference; explicitFileType = wrapper.cfbundle; includeInIndex = 0; path = "Ngage PHUITests.xctest"; sourceTree = BUILT_PRODUCTS_DIR; };
		501AE44C201849490088983A /* NgageUITests.swift */ = {isa = PBXFileReference; lastKnownFileType = sourcecode.swift; path = NgageUITests.swift; sourceTree = "<group>"; };
		501AE44E201849490088983A /* Info.plist */ = {isa = PBXFileReference; lastKnownFileType = text.plist.xml; path = Info.plist; sourceTree = "<group>"; };
		5020B5CD201C677A00A3933F /* TaskViewController.swift */ = {isa = PBXFileReference; lastKnownFileType = sourcecode.swift; path = TaskViewController.swift; sourceTree = "<group>"; };
		5020B5CF201C6E3F00A3933F /* TaskTableViewCell.swift */ = {isa = PBXFileReference; lastKnownFileType = sourcecode.swift; path = TaskTableViewCell.swift; sourceTree = "<group>"; };
		5020B5D1201C753500A3933F /* AccomplishmentView.swift */ = {isa = PBXFileReference; lastKnownFileType = sourcecode.swift; path = AccomplishmentView.swift; sourceTree = "<group>"; };
		502403B020258D4900180BAC /* Constants.swift */ = {isa = PBXFileReference; lastKnownFileType = sourcecode.swift; path = Constants.swift; sourceTree = "<group>"; };
		50366C82202C95E800AA9B1A /* View.swift */ = {isa = PBXFileReference; lastKnownFileType = sourcecode.swift; path = View.swift; sourceTree = "<group>"; };
		5038847A20308ED80042C5A0 /* FBShareTaskViewController.swift */ = {isa = PBXFileReference; lastKnownFileType = sourcecode.swift; path = FBShareTaskViewController.swift; sourceTree = "<group>"; };
		503E62D3201A1CD900363D80 /* HomeViewController.swift */ = {isa = PBXFileReference; lastKnownFileType = sourcecode.swift; path = HomeViewController.swift; sourceTree = "<group>"; };
		503E62D6201A1D9600363D80 /* HomeCollectionViewCell.swift */ = {isa = PBXFileReference; lastKnownFileType = sourcecode.swift; path = HomeCollectionViewCell.swift; sourceTree = "<group>"; };
		506B09CE20234AFC0017C481 /* PinVerificationViewController.swift */ = {isa = PBXFileReference; lastKnownFileType = sourcecode.swift; path = PinVerificationViewController.swift; sourceTree = "<group>"; };
		506C34702037FD05004E651C /* TaskInstructionsViewController.swift */ = {isa = PBXFileReference; lastKnownFileType = sourcecode.swift; path = TaskInstructionsViewController.swift; sourceTree = "<group>"; };
		506C347220381679004E651C /* CongratulationsMCTaskViewController.swift */ = {isa = PBXFileReference; lastKnownFileType = sourcecode.swift; path = CongratulationsMCTaskViewController.swift; sourceTree = "<group>"; };
		506C34742038538E004E651C /* Ngage PH.entitlements */ = {isa = PBXFileReference; lastKnownFileType = text.plist.entitlements; path = "Ngage PH.entitlements"; sourceTree = "<group>"; };
		506C34752038540D004E651C /* GameKit.framework */ = {isa = PBXFileReference; lastKnownFileType = wrapper.framework; name = GameKit.framework; path = System/Library/Frameworks/GameKit.framework; sourceTree = SDKROOT; };
		506C347720385413004E651C /* StoreKit.framework */ = {isa = PBXFileReference; lastKnownFileType = wrapper.framework; name = StoreKit.framework; path = System/Library/Frameworks/StoreKit.framework; sourceTree = SDKROOT; };
		506C3479203854B1004E651C /* ContactListViewController.swift */ = {isa = PBXFileReference; lastKnownFileType = sourcecode.swift; path = ContactListViewController.swift; sourceTree = "<group>"; };
		5078EA622029F8F900E35591 /* Tasks.storyboard */ = {isa = PBXFileReference; lastKnownFileType = file.storyboard; path = Tasks.storyboard; sourceTree = "<group>"; };
		5078EA642029FC3F00E35591 /* MultipleChoiceTaskViewController.swift */ = {isa = PBXFileReference; lastKnownFileType = sourcecode.swift; path = MultipleChoiceTaskViewController.swift; sourceTree = "<group>"; };
		5078EA662029FD0C00E35591 /* Button.swift */ = {isa = PBXFileReference; lastKnownFileType = sourcecode.swift; path = Button.swift; sourceTree = "<group>"; };
		50814935201A298600D66514 /* MarketViewController.swift */ = {isa = PBXFileReference; lastKnownFileType = sourcecode.swift; path = MarketViewController.swift; sourceTree = "<group>"; };
		50814937201A2A4600D66514 /* MarketButtonCollectionViewCell.swift */ = {isa = PBXFileReference; lastKnownFileType = sourcecode.swift; path = MarketButtonCollectionViewCell.swift; sourceTree = "<group>"; };
		5081493A201A2CFC00D66514 /* String.swift */ = {isa = PBXFileReference; lastKnownFileType = sourcecode.swift; path = String.swift; sourceTree = "<group>"; };
		509B0FA42019A77000DC0F21 /* HomeStoryboard.storyboard */ = {isa = PBXFileReference; lastKnownFileType = file.storyboard; path = HomeStoryboard.storyboard; sourceTree = "<group>"; };
		509C3917201BB20A0015A35B /* DrawerFrontViewController.swift */ = {isa = PBXFileReference; lastKnownFileType = sourcecode.swift; path = DrawerFrontViewController.swift; sourceTree = "<group>"; };
		509C3919201BB21F0015A35B /* MainViewController.swift */ = {isa = PBXFileReference; lastKnownFileType = sourcecode.swift; path = MainViewController.swift; sourceTree = "<group>"; };
		509C391B201BB6EA0015A35B /* DrawerTableViewCell.swift */ = {isa = PBXFileReference; lastKnownFileType = sourcecode.swift; path = DrawerTableViewCell.swift; sourceTree = "<group>"; };
		50A41D612025C5BC0062A287 /* Color.swift */ = {isa = PBXFileReference; lastKnownFileType = sourcecode.swift; path = Color.swift; sourceTree = "<group>"; };
		50A9C0EF20385D3400F46DE8 /* VideoTaskViewController.swift */ = {isa = PBXFileReference; lastKnownFileType = sourcecode.swift; path = VideoTaskViewController.swift; sourceTree = "<group>"; };
		50A9C0F120389B8B00F46DE8 /* InstallTaskViewController.swift */ = {isa = PBXFileReference; lastKnownFileType = sourcecode.swift; path = InstallTaskViewController.swift; sourceTree = "<group>"; };
		50C12599201F03FA0051D3E8 /* LoginViewController.swift */ = {isa = PBXFileReference; lastKnownFileType = sourcecode.swift; path = LoginViewController.swift; sourceTree = "<group>"; };
		50C8B008201F32230014DCEF /* APIManager.swift */ = {isa = PBXFileReference; lastKnownFileType = sourcecode.swift; path = APIManager.swift; sourceTree = "<group>"; };
		50C8B00D201F741F0014DCEF /* RequestManager.swift */ = {isa = PBXFileReference; lastKnownFileType = sourcecode.swift; path = RequestManager.swift; sourceTree = "<group>"; };
		50C8B00F201F7B780014DCEF /* ServiceManager.swift */ = {isa = PBXFileReference; lastKnownFileType = sourcecode.swift; path = ServiceManager.swift; sourceTree = "<group>"; };
		50DBE5342025E2F00017DE63 /* DownloadImageClass.swift */ = {isa = PBXFileReference; lastKnownFileType = sourcecode.swift; path = DownloadImageClass.swift; sourceTree = "<group>"; };
		50DF518C203015E800F16FB4 /* TaskNameThatSountPlayerView.swift */ = {isa = PBXFileReference; lastKnownFileType = sourcecode.swift; path = TaskNameThatSountPlayerView.swift; sourceTree = "<group>"; };
		50DF518E203015FC00F16FB4 /* TaskNameThatSoundView.xib */ = {isa = PBXFileReference; lastKnownFileType = file.xib; path = TaskNameThatSoundView.xib; sourceTree = "<group>"; };
		50DF519020303B6100F16FB4 /* AVFoundation.framework */ = {isa = PBXFileReference; lastKnownFileType = wrapper.framework; name = AVFoundation.framework; path = System/Library/Frameworks/AVFoundation.framework; sourceTree = SDKROOT; };
		50DF519220303B6B00F16FB4 /* AVKit.framework */ = {isa = PBXFileReference; lastKnownFileType = wrapper.framework; name = AVKit.framework; path = System/Library/Frameworks/AVKit.framework; sourceTree = SDKROOT; };
		50DF519420303BEA00F16FB4 /* VideoPlayerTaskViewController.swift */ = {isa = PBXFileReference; lastKnownFileType = sourcecode.swift; path = VideoPlayerTaskViewController.swift; sourceTree = "<group>"; };
		50DF519620303FE200F16FB4 /* CameraTask.swift */ = {isa = PBXFileReference; lastKnownFileType = sourcecode.swift; path = CameraTask.swift; sourceTree = "<group>"; };
		50E9D823202F63570018A3E5 /* QuestionsModel.swift */ = {isa = PBXFileReference; lastKnownFileType = sourcecode.swift; path = QuestionsModel.swift; sourceTree = "<group>"; };
		50ED77EF203A1529004CAA74 /* HistoryViewController.swift */ = {isa = PBXFileReference; lastKnownFileType = sourcecode.swift; path = HistoryViewController.swift; sourceTree = "<group>"; };
		50F15E172022000700A3E589 /* OnboardingViewController.swift */ = {isa = PBXFileReference; lastKnownFileType = sourcecode.swift; path = OnboardingViewController.swift; sourceTree = "<group>"; };
		50F15E192022167E00A3E589 /* ReferralCodeViewController.swift */ = {isa = PBXFileReference; lastKnownFileType = sourcecode.swift; path = ReferralCodeViewController.swift; sourceTree = "<group>"; };
		50F15E1B2022172600A3E589 /* MSISDNViewController.swift */ = {isa = PBXFileReference; lastKnownFileType = sourcecode.swift; path = MSISDNViewController.swift; sourceTree = "<group>"; };
		50FA4AF8203CB236006CC8BD /* TimeManager.swift */ = {isa = PBXFileReference; lastKnownFileType = sourcecode.swift; path = TimeManager.swift; sourceTree = "<group>"; };
		50FC56DA201BAAC70015D4C5 /* DrawerViewController.swift */ = {isa = PBXFileReference; lastKnownFileType = sourcecode.swift; path = DrawerViewController.swift; sourceTree = "<group>"; };
		50FC56DC201BACFD0015D4C5 /* NavigationController.swift */ = {isa = PBXFileReference; lastKnownFileType = sourcecode.swift; path = NavigationController.swift; sourceTree = "<group>"; };
		50FC56DF201BADF80015D4C5 /* Util.swift */ = {isa = PBXFileReference; lastKnownFileType = sourcecode.swift; path = Util.swift; sourceTree = "<group>"; };
		586FB7E2959E8ACDCF4078B7 /* Pods-Ngage.debug.xcconfig */ = {isa = PBXFileReference; includeInIndex = 1; lastKnownFileType = text.xcconfig; name = "Pods-Ngage.debug.xcconfig"; path = "Pods/Target Support Files/Pods-Ngage/Pods-Ngage.debug.xcconfig"; sourceTree = "<group>"; };
		59F4CF8D427844D6EDE6CFD8 /* Pods-NgageUITests.debug.xcconfig */ = {isa = PBXFileReference; includeInIndex = 1; lastKnownFileType = text.xcconfig; name = "Pods-NgageUITests.debug.xcconfig"; path = "Pods/Target Support Files/Pods-NgageUITests/Pods-NgageUITests.debug.xcconfig"; sourceTree = "<group>"; };
		8C3C3FC42039DDFF000EBEEC /* RedeemMerchantViewController.swift */ = {isa = PBXFileReference; lastKnownFileType = sourcecode.swift; path = RedeemMerchantViewController.swift; sourceTree = "<group>"; };
		8C3C3FC62039E66C000EBEEC /* MerchantLocationsViewController.swift */ = {isa = PBXFileReference; lastKnownFileType = sourcecode.swift; path = MerchantLocationsViewController.swift; sourceTree = "<group>"; };
		8C3C3FC92039E95E000EBEEC /* RedeemStoryboard.storyboard */ = {isa = PBXFileReference; lastKnownFileType = file.storyboard; path = RedeemStoryboard.storyboard; sourceTree = "<group>"; };
		8C3C3FCB2039F787000EBEEC /* RedeemMerchantFormViewController.swift */ = {isa = PBXFileReference; lastKnownFileType = sourcecode.swift; path = RedeemMerchantFormViewController.swift; sourceTree = "<group>"; };
		8C3C3FCD2039F9F9000EBEEC /* MerchantFormInfoTableViewCell.swift */ = {isa = PBXFileReference; lastKnownFileType = sourcecode.swift; path = MerchantFormInfoTableViewCell.swift; sourceTree = "<group>"; };
		8C3C3FCF2039FA23000EBEEC /* MerchantFormMessageTableViewCell.swift */ = {isa = PBXFileReference; lastKnownFileType = sourcecode.swift; path = MerchantFormMessageTableViewCell.swift; sourceTree = "<group>"; };
		8C47287A2022074400589594 /* ProfileTableViewCell.swift */ = {isa = PBXFileReference; lastKnownFileType = sourcecode.swift; path = ProfileTableViewCell.swift; sourceTree = "<group>"; };
		8C7C4B6620270C1C00795264 /* UserProfileViewController.swift */ = {isa = PBXFileReference; lastKnownFileType = sourcecode.swift; path = UserProfileViewController.swift; sourceTree = "<group>"; };
		8C7C4B68202737CC00795264 /* UserPointsTableViewCell.swift */ = {isa = PBXFileReference; lastKnownFileType = sourcecode.swift; path = UserPointsTableViewCell.swift; sourceTree = "<group>"; };
		8CCD9CE3202C9392000D887F /* RedeemableTableViewCell.swift */ = {isa = PBXFileReference; lastKnownFileType = sourcecode.swift; path = RedeemableTableViewCell.swift; sourceTree = "<group>"; };
		8CCD9CE5202C95C3000D887F /* MarketModel.swift */ = {isa = PBXFileReference; lastKnownFileType = sourcecode.swift; path = MarketModel.swift; sourceTree = "<group>"; };
		8CCD9CE7202C961C000D887F /* RedeemableModel.swift */ = {isa = PBXFileReference; lastKnownFileType = sourcecode.swift; path = RedeemableModel.swift; sourceTree = "<group>"; };
		8CDE8495201F69C400C525A4 /* Ngage.xcdatamodel */ = {isa = PBXFileReference; lastKnownFileType = wrapper.xcdatamodel; path = Ngage.xcdatamodel; sourceTree = "<group>"; };
		8CDE8496201F69C400C525A4 /* Model.xcdatamodel */ = {isa = PBXFileReference; lastKnownFileType = wrapper.xcdatamodel; path = Model.xcdatamodel; sourceTree = "<group>"; };
		8CDE84B0201F743100C525A4 /* CoreDataManager.swift */ = {isa = PBXFileReference; lastKnownFileType = sourcecode.swift; path = CoreDataManager.swift; sourceTree = "<group>"; };
		8CDE84B3201F7A7500C525A4 /* UserModel.swift */ = {isa = PBXFileReference; lastKnownFileType = sourcecode.swift; path = UserModel.swift; sourceTree = "<group>"; };
		8CDE84B5201F7CA900C525A4 /* TaskModel.swift */ = {isa = PBXFileReference; lastKnownFileType = sourcecode.swift; path = TaskModel.swift; sourceTree = "<group>"; };
		8CDE84B7201F7CBA00C525A4 /* MissionModel.swift */ = {isa = PBXFileReference; lastKnownFileType = sourcecode.swift; path = MissionModel.swift; sourceTree = "<group>"; };
		8CE69F5B2039381200BE3806 /* RedeemViewController.swift */ = {isa = PBXFileReference; lastKnownFileType = sourcecode.swift; path = RedeemViewController.swift; sourceTree = "<group>"; };
		8CF7451D2029F8C400C44C06 /* MarketPageViewController.swift */ = {isa = PBXFileReference; lastKnownFileType = sourcecode.swift; path = MarketPageViewController.swift; sourceTree = "<group>"; };
		8CF745222029FED700C44C06 /* SingleMarketTableViewController.swift */ = {isa = PBXFileReference; lastKnownFileType = sourcecode.swift; path = SingleMarketTableViewController.swift; sourceTree = "<group>"; };
		8EE64851D4D24F7D9D371790 /* Pods-NgageTests.release.xcconfig */ = {isa = PBXFileReference; includeInIndex = 1; lastKnownFileType = text.xcconfig; name = "Pods-NgageTests.release.xcconfig"; path = "Pods/Target Support Files/Pods-NgageTests/Pods-NgageTests.release.xcconfig"; sourceTree = "<group>"; };
		BAEEEA30556FD08E1DF705E3 /* Pods-Ngage.release.xcconfig */ = {isa = PBXFileReference; includeInIndex = 1; lastKnownFileType = text.xcconfig; name = "Pods-Ngage.release.xcconfig"; path = "Pods/Target Support Files/Pods-Ngage/Pods-Ngage.release.xcconfig"; sourceTree = "<group>"; };
/* End PBXFileReference section */

/* Begin PBXFrameworksBuildPhase section */
		501AE426201849490088983A /* Frameworks */ = {
			isa = PBXFrameworksBuildPhase;
			buildActionMask = 2147483647;
			files = (
				50DF519320303B6B00F16FB4 /* AVKit.framework in Frameworks */,
				50DF519120303B6100F16FB4 /* AVFoundation.framework in Frameworks */,
				506C347820385413004E651C /* StoreKit.framework in Frameworks */,
				096AE424CA2512F7B44FA95B /* Pods_Ngage.framework in Frameworks */,
				506C34762038540D004E651C /* GameKit.framework in Frameworks */,
			);
			runOnlyForDeploymentPostprocessing = 0;
		};
		501AE43A201849490088983A /* Frameworks */ = {
			isa = PBXFrameworksBuildPhase;
			buildActionMask = 2147483647;
			files = (
				4994B0BD3E4BAF9D60EB6542 /* Pods_NgageTests.framework in Frameworks */,
			);
			runOnlyForDeploymentPostprocessing = 0;
		};
		501AE445201849490088983A /* Frameworks */ = {
			isa = PBXFrameworksBuildPhase;
			buildActionMask = 2147483647;
			files = (
				D726018ECEDF3F36F0A99D6C /* Pods_NgageUITests.framework in Frameworks */,
			);
			runOnlyForDeploymentPostprocessing = 0;
		};
/* End PBXFrameworksBuildPhase section */

/* Begin PBXGroup section */
		23303B9140EAE68B2FDE87D5 /* Pods */ = {
			isa = PBXGroup;
			children = (
				586FB7E2959E8ACDCF4078B7 /* Pods-Ngage.debug.xcconfig */,
				BAEEEA30556FD08E1DF705E3 /* Pods-Ngage.release.xcconfig */,
				1634997F46C90DB1903E090C /* Pods-NgageTests.debug.xcconfig */,
				8EE64851D4D24F7D9D371790 /* Pods-NgageTests.release.xcconfig */,
				59F4CF8D427844D6EDE6CFD8 /* Pods-NgageUITests.debug.xcconfig */,
				2104C45A66AF35AF536B3938 /* Pods-NgageUITests.release.xcconfig */,
			);
			name = Pods;
			sourceTree = "<group>";
		};
		24D8ED7302CB9BA67FE4836A /* Frameworks */ = {
			isa = PBXGroup;
			children = (
				506C347720385413004E651C /* StoreKit.framework */,
				506C34752038540D004E651C /* GameKit.framework */,
				50DF519220303B6B00F16FB4 /* AVKit.framework */,
				50DF519020303B6100F16FB4 /* AVFoundation.framework */,
				0191F275C93C0A87A443C57B /* Pods_Ngage.framework */,
				3D4C35B8404EBAAA8F1D694A /* Pods_NgageTests.framework */,
				41DBAD273C9A803CE49A8B20 /* Pods_NgageUITests.framework */,
			);
			name = Frameworks;
			sourceTree = "<group>";
		};
		5003679820270720007E693A /* Tasks */ = {
			isa = PBXGroup;
			children = (
				5003679920270770007E693A /* WebViewTaskViewController.swift */,
				50A9C0F120389B8B00F46DE8 /* InstallTaskViewController.swift */,
				506C34702037FD05004E651C /* TaskInstructionsViewController.swift */,
				5078EA642029FC3F00E35591 /* MultipleChoiceTaskViewController.swift */,
				506C347220381679004E651C /* CongratulationsMCTaskViewController.swift */,
				50DF519420303BEA00F16FB4 /* VideoPlayerTaskViewController.swift */,
				50A9C0EF20385D3400F46DE8 /* VideoTaskViewController.swift */,
				50DF519620303FE200F16FB4 /* CameraTask.swift */,
				5038847A20308ED80042C5A0 /* FBShareTaskViewController.swift */,
			);
			path = Tasks;
			sourceTree = "<group>";
		};
		501AE420201849490088983A = {
			isa = PBXGroup;
			children = (
				501AE42B201849490088983A /* Ngage */,
				501AE440201849490088983A /* NgageTests */,
				501AE44B201849490088983A /* NgageUITests */,
				501AE42A201849490088983A /* Products */,
				23303B9140EAE68B2FDE87D5 /* Pods */,
				24D8ED7302CB9BA67FE4836A /* Frameworks */,
			);
			sourceTree = "<group>";
		};
		501AE42A201849490088983A /* Products */ = {
			isa = PBXGroup;
			children = (
				501AE429201849490088983A /* Ngage PH.app */,
				501AE43D201849490088983A /* Ngage PHTests.xctest */,
				501AE448201849490088983A /* Ngage PHUITests.xctest */,
			);
			name = Products;
			sourceTree = "<group>";
		};
		501AE42B201849490088983A /* Ngage */ = {
			isa = PBXGroup;
			children = (
				506C34742038538E004E651C /* Ngage PH.entitlements */,
				501AE42C201849490088983A /* AppDelegate.swift */,
				50FC56DE201BADE70015D4C5 /* Helper */,
				501AE42E201849490088983A /* ViewController.swift */,
				509C3919201BB21F0015A35B /* MainViewController.swift */,
				50814939201A2CE700D66514 /* Extensions */,
				509B0FA22019A73F00DC0F21 /* View */,
				8CDE84B2201F7A6100C525A4 /* Model */,
				8CDE8492201F69C400C525A4 /* Resources */,
				501AE433201849490088983A /* Assets.xcassets */,
				501AE435201849490088983A /* LaunchScreen.storyboard */,
				501AE438201849490088983A /* Info.plist */,
			);
			path = Ngage;
			sourceTree = "<group>";
		};
		501AE440201849490088983A /* NgageTests */ = {
			isa = PBXGroup;
			children = (
				501AE441201849490088983A /* NgageTests.swift */,
				501AE443201849490088983A /* Info.plist */,
			);
			path = NgageTests;
			sourceTree = "<group>";
		};
		501AE44B201849490088983A /* NgageUITests */ = {
			isa = PBXGroup;
			children = (
				501AE44C201849490088983A /* NgageUITests.swift */,
				501AE44E201849490088983A /* Info.plist */,
			);
			path = NgageUITests;
			sourceTree = "<group>";
		};
		503E62D5201A1D6700363D80 /* Subclass */ = {
			isa = PBXGroup;
			children = (
				503E62D6201A1D9600363D80 /* HomeCollectionViewCell.swift */,
				50814937201A2A4600D66514 /* MarketButtonCollectionViewCell.swift */,
				509C391B201BB6EA0015A35B /* DrawerTableViewCell.swift */,
				8C47287A2022074400589594 /* ProfileTableViewCell.swift */,
				509C3917201BB20A0015A35B /* DrawerFrontViewController.swift */,
				5020B5CF201C6E3F00A3933F /* TaskTableViewCell.swift */,
				5020B5D1201C753500A3933F /* AccomplishmentView.swift */,
				8C7C4B68202737CC00795264 /* UserPointsTableViewCell.swift */,
				50141F57202CC6630082EF2B /* AudioPlayerView.swift */,
				50141F59202CC67F0082EF2B /* AudioPlayerView.xib */,
				50DF518C203015E800F16FB4 /* TaskNameThatSountPlayerView.swift */,
				50DF518E203015FC00F16FB4 /* TaskNameThatSoundView.xib */,
				8CCD9CE3202C9392000D887F /* RedeemableTableViewCell.swift */,
				8C3C3FCD2039F9F9000EBEEC /* MerchantFormInfoTableViewCell.swift */,
				8C3C3FCF2039FA23000EBEEC /* MerchantFormMessageTableViewCell.swift */,
			);
			path = Subclass;
			sourceTree = "<group>";
		};
		50814939201A2CE700D66514 /* Extensions */ = {
			isa = PBXGroup;
			children = (
				5081493A201A2CFC00D66514 /* String.swift */,
				50A41D612025C5BC0062A287 /* Color.swift */,
				5078EA662029FD0C00E35591 /* Button.swift */,
				50366C82202C95E800AA9B1A /* View.swift */,
			);
			path = Extensions;
			sourceTree = "<group>";
		};
		509B0FA22019A73F00DC0F21 /* View */ = {
			isa = PBXGroup;
			children = (
				509B0FA32019A74B00DC0F21 /* Storyboard */,
				503E62D3201A1CD900363D80 /* HomeViewController.swift */,
				5020B5CD201C677A00A3933F /* TaskViewController.swift */,
				50C12599201F03FA0051D3E8 /* LoginViewController.swift */,
				50F15E172022000700A3E589 /* OnboardingViewController.swift */,
				50F15E192022167E00A3E589 /* ReferralCodeViewController.swift */,
				50F15E1B2022172600A3E589 /* MSISDNViewController.swift */,
				506B09CE20234AFC0017C481 /* PinVerificationViewController.swift */,
				8C7C4B6620270C1C00795264 /* UserProfileViewController.swift */,
				506C3479203854B1004E651C /* ContactListViewController.swift */,
				50ED77EF203A1529004CAA74 /* HistoryViewController.swift */,
				8CF7451F2029FD4D00C44C06 /* Market Place */,
				5003679820270720007E693A /* Tasks */,
				50FC56D9201BAA330015D4C5 /* Navigation Controller */,
				503E62D5201A1D6700363D80 /* Subclass */,
				500367902026FA77007E693A /* Ngage-Bridging-Header.h */,
			);
			path = View;
			sourceTree = "<group>";
		};
		509B0FA32019A74B00DC0F21 /* Storyboard */ = {
			isa = PBXGroup;
			children = (
				509B0FA42019A77000DC0F21 /* HomeStoryboard.storyboard */,
				8C3C3FC92039E95E000EBEEC /* RedeemStoryboard.storyboard */,
				501AE430201849490088983A /* Main.storyboard */,
				5078EA622029F8F900E35591 /* Tasks.storyboard */,
			);
			path = Storyboard;
			sourceTree = "<group>";
		};
		50FC56D9201BAA330015D4C5 /* Navigation Controller */ = {
			isa = PBXGroup;
			children = (
				50FC56DA201BAAC70015D4C5 /* DrawerViewController.swift */,
				50FC56DC201BACFD0015D4C5 /* NavigationController.swift */,
			);
			path = "Navigation Controller";
			sourceTree = "<group>";
		};
		50FC56DE201BADE70015D4C5 /* Helper */ = {
			isa = PBXGroup;
			children = (
				50FC56DF201BADF80015D4C5 /* Util.swift */,
				502403B020258D4900180BAC /* Constants.swift */,
				50DBE5342025E2F00017DE63 /* DownloadImageClass.swift */,
				50C8B008201F32230014DCEF /* APIManager.swift */,
				50C8B00D201F741F0014DCEF /* RequestManager.swift */,
				50C8B00F201F7B780014DCEF /* ServiceManager.swift */,
				8CDE84B0201F743100C525A4 /* CoreDataManager.swift */,
				50FA4AF8203CB236006CC8BD /* TimeManager.swift */,
			);
			path = Helper;
			sourceTree = "<group>";
		};
		8C3C3FC82039E674000EBEEC /* Merchant */ = {
			isa = PBXGroup;
			children = (
				8C3C3FC42039DDFF000EBEEC /* RedeemMerchantViewController.swift */,
				8C3C3FC62039E66C000EBEEC /* MerchantLocationsViewController.swift */,
				8C3C3FCB2039F787000EBEEC /* RedeemMerchantFormViewController.swift */,
			);
			path = Merchant;
			sourceTree = "<group>";
		};
		8CDE8492201F69C400C525A4 /* Resources */ = {
			isa = PBXGroup;
			children = (
				8CDE8493201F69C400C525A4 /* Core Data */,
			);
			path = Resources;
			sourceTree = "<group>";
		};
		8CDE8493201F69C400C525A4 /* Core Data */ = {
			isa = PBXGroup;
			children = (
				8CDE8494201F69C400C525A4 /* Ngage.xcdatamodeld */,
			);
			path = "Core Data";
			sourceTree = "<group>";
		};
		8CDE84B2201F7A6100C525A4 /* Model */ = {
			isa = PBXGroup;
			children = (
				50E9D823202F63570018A3E5 /* QuestionsModel.swift */,
				8CDE84B3201F7A7500C525A4 /* UserModel.swift */,
				8CDE84B7201F7CBA00C525A4 /* MissionModel.swift */,
				8CDE84B5201F7CA900C525A4 /* TaskModel.swift */,
				8CCD9CE5202C95C3000D887F /* MarketModel.swift */,
				8CCD9CE7202C961C000D887F /* RedeemableModel.swift */,
			);
			name = Model;
			path = Ngage/Model;
			sourceTree = SOURCE_ROOT;
		};
		8CF7451F2029FD4D00C44C06 /* Market Place */ = {
			isa = PBXGroup;
			children = (
				50814935201A298600D66514 /* MarketViewController.swift */,
				8CF7451D2029F8C400C44C06 /* MarketPageViewController.swift */,
				8CF745222029FED700C44C06 /* SingleMarketTableViewController.swift */,
				8CE69F5B2039381200BE3806 /* RedeemViewController.swift */,
				8C3C3FC82039E674000EBEEC /* Merchant */,
			);
			path = "Market Place";
			sourceTree = "<group>";
		};
/* End PBXGroup section */

/* Begin PBXNativeTarget section */
		501AE428201849490088983A /* Ngage PH */ = {
			isa = PBXNativeTarget;
			buildConfigurationList = 501AE451201849490088983A /* Build configuration list for PBXNativeTarget "Ngage PH" */;
			buildPhases = (
				CA80786FF9F9DD2D1C4E554E /* [CP] Check Pods Manifest.lock */,
				501AE425201849490088983A /* Sources */,
				501AE426201849490088983A /* Frameworks */,
				501AE427201849490088983A /* Resources */,
				B17D7E84B56A228BA46C36A3 /* [CP] Embed Pods Frameworks */,
				19F988E770060B34FCEFCBEA /* [CP] Copy Pods Resources */,
			);
			buildRules = (
			);
			dependencies = (
			);
			name = "Ngage PH";
			productName = Ngage;
			productReference = 501AE429201849490088983A /* Ngage PH.app */;
			productType = "com.apple.product-type.application";
		};
		501AE43C201849490088983A /* Ngage PHTests */ = {
			isa = PBXNativeTarget;
			buildConfigurationList = 501AE454201849490088983A /* Build configuration list for PBXNativeTarget "Ngage PHTests" */;
			buildPhases = (
				6F88F4257773F2E6D52F5F42 /* [CP] Check Pods Manifest.lock */,
				501AE439201849490088983A /* Sources */,
				501AE43A201849490088983A /* Frameworks */,
				501AE43B201849490088983A /* Resources */,
				4442580317FFCAF44606703E /* [CP] Embed Pods Frameworks */,
				1C91268E197E9EFA964D91EC /* [CP] Copy Pods Resources */,
			);
			buildRules = (
			);
			dependencies = (
				501AE43F201849490088983A /* PBXTargetDependency */,
			);
			name = "Ngage PHTests";
			productName = NgageTests;
			productReference = 501AE43D201849490088983A /* Ngage PHTests.xctest */;
			productType = "com.apple.product-type.bundle.unit-test";
		};
		501AE447201849490088983A /* Ngage PHUITests */ = {
			isa = PBXNativeTarget;
			buildConfigurationList = 501AE457201849490088983A /* Build configuration list for PBXNativeTarget "Ngage PHUITests" */;
			buildPhases = (
				FE75F2B99179231016878F34 /* [CP] Check Pods Manifest.lock */,
				501AE444201849490088983A /* Sources */,
				501AE445201849490088983A /* Frameworks */,
				501AE446201849490088983A /* Resources */,
				24A72E9C4CF8C929C2754651 /* [CP] Embed Pods Frameworks */,
				676AB3930B4DE02A008302FB /* [CP] Copy Pods Resources */,
			);
			buildRules = (
			);
			dependencies = (
				501AE44A201849490088983A /* PBXTargetDependency */,
			);
			name = "Ngage PHUITests";
			productName = NgageUITests;
			productReference = 501AE448201849490088983A /* Ngage PHUITests.xctest */;
			productType = "com.apple.product-type.bundle.ui-testing";
		};
/* End PBXNativeTarget section */

/* Begin PBXProject section */
		501AE421201849490088983A /* Project object */ = {
			isa = PBXProject;
			attributes = {
				LastSwiftUpdateCheck = 0900;
				LastUpgradeCheck = 0900;
				ORGANIZATIONNAME = "Mark Louie Angeles";
				TargetAttributes = {
					501AE428201849490088983A = {
						CreatedOnToolsVersion = 9.0;
						LastSwiftMigration = 0900;
						ProvisioningStyle = Manual;
						SystemCapabilities = {
							com.apple.GameCenter = {
								enabled = 1;
							};
							com.apple.InAppPurchase = {
								enabled = 1;
							};
							com.apple.Push = {
								enabled = 1;
							};
						};
					};
					501AE43C201849490088983A = {
						CreatedOnToolsVersion = 9.0;
						ProvisioningStyle = Automatic;
						TestTargetID = 501AE428201849490088983A;
					};
					501AE447201849490088983A = {
						CreatedOnToolsVersion = 9.0;
						ProvisioningStyle = Automatic;
						TestTargetID = 501AE428201849490088983A;
					};
				};
			};
			buildConfigurationList = 501AE424201849490088983A /* Build configuration list for PBXProject "Ngage PH" */;
			compatibilityVersion = "Xcode 8.0";
			developmentRegion = en;
			hasScannedForEncodings = 0;
			knownRegions = (
				en,
				Base,
			);
			mainGroup = 501AE420201849490088983A;
			productRefGroup = 501AE42A201849490088983A /* Products */;
			projectDirPath = "";
			projectRoot = "";
			targets = (
				501AE428201849490088983A /* Ngage PH */,
				501AE43C201849490088983A /* Ngage PHTests */,
				501AE447201849490088983A /* Ngage PHUITests */,
			);
		};
/* End PBXProject section */

/* Begin PBXResourcesBuildPhase section */
		501AE427201849490088983A /* Resources */ = {
			isa = PBXResourcesBuildPhase;
			buildActionMask = 2147483647;
			files = (
				50DF518F203015FC00F16FB4 /* TaskNameThatSoundView.xib in Resources */,
				501AE437201849490088983A /* LaunchScreen.storyboard in Resources */,
				501AE434201849490088983A /* Assets.xcassets in Resources */,
				50141F5A202CC67F0082EF2B /* AudioPlayerView.xib in Resources */,
				509B0FA52019A77000DC0F21 /* HomeStoryboard.storyboard in Resources */,
				8C3C3FCA2039E95E000EBEEC /* RedeemStoryboard.storyboard in Resources */,
				501AE432201849490088983A /* Main.storyboard in Resources */,
				5078EA632029F8F900E35591 /* Tasks.storyboard in Resources */,
			);
			runOnlyForDeploymentPostprocessing = 0;
		};
		501AE43B201849490088983A /* Resources */ = {
			isa = PBXResourcesBuildPhase;
			buildActionMask = 2147483647;
			files = (
			);
			runOnlyForDeploymentPostprocessing = 0;
		};
		501AE446201849490088983A /* Resources */ = {
			isa = PBXResourcesBuildPhase;
			buildActionMask = 2147483647;
			files = (
			);
			runOnlyForDeploymentPostprocessing = 0;
		};
/* End PBXResourcesBuildPhase section */

/* Begin PBXShellScriptBuildPhase section */
		19F988E770060B34FCEFCBEA /* [CP] Copy Pods Resources */ = {
			isa = PBXShellScriptBuildPhase;
			buildActionMask = 2147483647;
			files = (
			);
			inputPaths = (
			);
			name = "[CP] Copy Pods Resources";
			outputPaths = (
			);
			runOnlyForDeploymentPostprocessing = 0;
			shellPath = /bin/sh;
			shellScript = "\"${SRCROOT}/Pods/Target Support Files/Pods-Ngage/Pods-Ngage-resources.sh\"\n";
			showEnvVarsInLog = 0;
		};
		1C91268E197E9EFA964D91EC /* [CP] Copy Pods Resources */ = {
			isa = PBXShellScriptBuildPhase;
			buildActionMask = 2147483647;
			files = (
			);
			inputPaths = (
			);
			name = "[CP] Copy Pods Resources";
			outputPaths = (
			);
			runOnlyForDeploymentPostprocessing = 0;
			shellPath = /bin/sh;
			shellScript = "\"${SRCROOT}/Pods/Target Support Files/Pods-NgageTests/Pods-NgageTests-resources.sh\"\n";
			showEnvVarsInLog = 0;
		};
		24A72E9C4CF8C929C2754651 /* [CP] Embed Pods Frameworks */ = {
			isa = PBXShellScriptBuildPhase;
			buildActionMask = 2147483647;
			files = (
			);
			inputPaths = (
			);
			name = "[CP] Embed Pods Frameworks";
			outputPaths = (
			);
			runOnlyForDeploymentPostprocessing = 0;
			shellPath = /bin/sh;
			shellScript = "\"${SRCROOT}/Pods/Target Support Files/Pods-NgageUITests/Pods-NgageUITests-frameworks.sh\"\n";
			showEnvVarsInLog = 0;
		};
		4442580317FFCAF44606703E /* [CP] Embed Pods Frameworks */ = {
			isa = PBXShellScriptBuildPhase;
			buildActionMask = 2147483647;
			files = (
			);
			inputPaths = (
			);
			name = "[CP] Embed Pods Frameworks";
			outputPaths = (
			);
			runOnlyForDeploymentPostprocessing = 0;
			shellPath = /bin/sh;
			shellScript = "\"${SRCROOT}/Pods/Target Support Files/Pods-NgageTests/Pods-NgageTests-frameworks.sh\"\n";
			showEnvVarsInLog = 0;
		};
		676AB3930B4DE02A008302FB /* [CP] Copy Pods Resources */ = {
			isa = PBXShellScriptBuildPhase;
			buildActionMask = 2147483647;
			files = (
			);
			inputPaths = (
			);
			name = "[CP] Copy Pods Resources";
			outputPaths = (
			);
			runOnlyForDeploymentPostprocessing = 0;
			shellPath = /bin/sh;
			shellScript = "\"${SRCROOT}/Pods/Target Support Files/Pods-NgageUITests/Pods-NgageUITests-resources.sh\"\n";
			showEnvVarsInLog = 0;
		};
		6F88F4257773F2E6D52F5F42 /* [CP] Check Pods Manifest.lock */ = {
			isa = PBXShellScriptBuildPhase;
			buildActionMask = 2147483647;
			files = (
			);
			inputPaths = (
			);
			name = "[CP] Check Pods Manifest.lock";
			outputPaths = (
			);
			runOnlyForDeploymentPostprocessing = 0;
			shellPath = /bin/sh;
			shellScript = "diff \"${PODS_PODFILE_DIR_PATH}/Podfile.lock\" \"${PODS_ROOT}/Manifest.lock\" > /dev/null\nif [ $? != 0 ] ; then\n    # print error to STDERR\n    echo \"error: The sandbox is not in sync with the Podfile.lock. Run 'pod install' or update your CocoaPods installation.\" >&2\n    exit 1\nfi\n";
			showEnvVarsInLog = 0;
		};
		B17D7E84B56A228BA46C36A3 /* [CP] Embed Pods Frameworks */ = {
			isa = PBXShellScriptBuildPhase;
			buildActionMask = 2147483647;
			files = (
			);
			inputPaths = (
			);
			name = "[CP] Embed Pods Frameworks";
			outputPaths = (
			);
			runOnlyForDeploymentPostprocessing = 0;
			shellPath = /bin/sh;
			shellScript = "\"${SRCROOT}/Pods/Target Support Files/Pods-Ngage/Pods-Ngage-frameworks.sh\"\n";
			showEnvVarsInLog = 0;
		};
		CA80786FF9F9DD2D1C4E554E /* [CP] Check Pods Manifest.lock */ = {
			isa = PBXShellScriptBuildPhase;
			buildActionMask = 2147483647;
			files = (
			);
			inputPaths = (
			);
			name = "[CP] Check Pods Manifest.lock";
			outputPaths = (
			);
			runOnlyForDeploymentPostprocessing = 0;
			shellPath = /bin/sh;
			shellScript = "diff \"${PODS_PODFILE_DIR_PATH}/Podfile.lock\" \"${PODS_ROOT}/Manifest.lock\" > /dev/null\nif [ $? != 0 ] ; then\n    # print error to STDERR\n    echo \"error: The sandbox is not in sync with the Podfile.lock. Run 'pod install' or update your CocoaPods installation.\" >&2\n    exit 1\nfi\n";
			showEnvVarsInLog = 0;
		};
		FE75F2B99179231016878F34 /* [CP] Check Pods Manifest.lock */ = {
			isa = PBXShellScriptBuildPhase;
			buildActionMask = 2147483647;
			files = (
			);
			inputPaths = (
			);
			name = "[CP] Check Pods Manifest.lock";
			outputPaths = (
			);
			runOnlyForDeploymentPostprocessing = 0;
			shellPath = /bin/sh;
			shellScript = "diff \"${PODS_PODFILE_DIR_PATH}/Podfile.lock\" \"${PODS_ROOT}/Manifest.lock\" > /dev/null\nif [ $? != 0 ] ; then\n    # print error to STDERR\n    echo \"error: The sandbox is not in sync with the Podfile.lock. Run 'pod install' or update your CocoaPods installation.\" >&2\n    exit 1\nfi\n";
			showEnvVarsInLog = 0;
		};
/* End PBXShellScriptBuildPhase section */

/* Begin PBXSourcesBuildPhase section */
		501AE425201849490088983A /* Sources */ = {
			isa = PBXSourcesBuildPhase;
			buildActionMask = 2147483647;
			files = (
				5038847C203098690042C5A0 /* UserModel.swift in Sources */,
				50ED77F0203A1529004CAA74 /* HistoryViewController.swift in Sources */,
				506B09CF20234AFC0017C481 /* PinVerificationViewController.swift in Sources */,
				501AE42F201849490088983A /* ViewController.swift in Sources */,
				8CF7451E2029F8C400C44C06 /* MarketPageViewController.swift in Sources */,
				5020B5CE201C677A00A3933F /* TaskViewController.swift in Sources */,
				50DBE5352025E2F00017DE63 /* DownloadImageClass.swift in Sources */,
				8C7C4B69202737CC00795264 /* UserPointsTableViewCell.swift in Sources */,
				5078EA672029FD0C00E35591 /* Button.swift in Sources */,
				8CDE84B8201F7CBA00C525A4 /* MissionModel.swift in Sources */,
				5078EA652029FC3F00E35591 /* MultipleChoiceTaskViewController.swift in Sources */,
				8C7C4B6720270C1C00795264 /* UserProfileViewController.swift in Sources */,
				50A9C0F020385D3400F46DE8 /* VideoTaskViewController.swift in Sources */,
				5020B5D0201C6E3F00A3933F /* TaskTableViewCell.swift in Sources */,
				50A41D622025C5BD0062A287 /* Color.swift in Sources */,
				50FC56DB201BAAC70015D4C5 /* DrawerViewController.swift in Sources */,
				8CDE84B6201F7CA900C525A4 /* TaskModel.swift in Sources */,
				8C3C3FCC2039F787000EBEEC /* RedeemMerchantFormViewController.swift in Sources */,
				50A9C0F220389B8B00F46DE8 /* InstallTaskViewController.swift in Sources */,
				8C3C3FC72039E66C000EBEEC /* MerchantLocationsViewController.swift in Sources */,
				506C347320381679004E651C /* CongratulationsMCTaskViewController.swift in Sources */,
				50141F58202CC6630082EF2B /* AudioPlayerView.swift in Sources */,
				509C391C201BB6EA0015A35B /* DrawerTableViewCell.swift in Sources */,
				50FA4AF9203CB236006CC8BD /* TimeManager.swift in Sources */,
				5020B5D2201C753500A3933F /* AccomplishmentView.swift in Sources */,
				50E9D824202F63570018A3E5 /* QuestionsModel.swift in Sources */,
				8CE69F5C2039381200BE3806 /* RedeemViewController.swift in Sources */,
				5003679A20270770007E693A /* WebViewTaskViewController.swift in Sources */,
				8CCD9CE4202C9392000D887F /* RedeemableTableViewCell.swift in Sources */,
				502403B120258D4900180BAC /* Constants.swift in Sources */,
				50C8B00E201F741F0014DCEF /* RequestManager.swift in Sources */,
				50366C83202C95E800AA9B1A /* View.swift in Sources */,
				8C47287B2022074400589594 /* ProfileTableViewCell.swift in Sources */,
				5038847B20308ED80042C5A0 /* FBShareTaskViewController.swift in Sources */,
				501AE42D201849490088983A /* AppDelegate.swift in Sources */,
				506C34712037FD05004E651C /* TaskInstructionsViewController.swift in Sources */,
				8CF745232029FED700C44C06 /* SingleMarketTableViewController.swift in Sources */,
				8CCD9CE6202C95C3000D887F /* MarketModel.swift in Sources */,
				509C391A201BB21F0015A35B /* MainViewController.swift in Sources */,
				50DF518D203015E800F16FB4 /* TaskNameThatSountPlayerView.swift in Sources */,
				50814936201A298600D66514 /* MarketViewController.swift in Sources */,
				50FC56DD201BACFD0015D4C5 /* NavigationController.swift in Sources */,
				50DF519720303FE200F16FB4 /* CameraTask.swift in Sources */,
				50F15E182022000700A3E589 /* OnboardingViewController.swift in Sources */,
				503E62D4201A1CD900363D80 /* HomeViewController.swift in Sources */,
				5081493B201A2CFC00D66514 /* String.swift in Sources */,
				50C8B009201F32230014DCEF /* APIManager.swift in Sources */,
				8CDE8497201F69C400C525A4 /* Ngage.xcdatamodeld in Sources */,
				8CCD9CE8202C961C000D887F /* RedeemableModel.swift in Sources */,
				8C3C3FCE2039F9F9000EBEEC /* MerchantFormInfoTableViewCell.swift in Sources */,
				50F15E1C2022172600A3E589 /* MSISDNViewController.swift in Sources */,
				509C3918201BB20A0015A35B /* DrawerFrontViewController.swift in Sources */,
				50C1259A201F03FA0051D3E8 /* LoginViewController.swift in Sources */,
				8C3C3FD02039FA23000EBEEC /* MerchantFormMessageTableViewCell.swift in Sources */,
				50FC56E0201BADF80015D4C5 /* Util.swift in Sources */,
				8C3C3FC52039DDFF000EBEEC /* RedeemMerchantViewController.swift in Sources */,
				50814938201A2A4600D66514 /* MarketButtonCollectionViewCell.swift in Sources */,
				8CDE84B1201F743100C525A4 /* CoreDataManager.swift in Sources */,
				50F15E1A2022167E00A3E589 /* ReferralCodeViewController.swift in Sources */,
				503E62D7201A1D9600363D80 /* HomeCollectionViewCell.swift in Sources */,
				50C8B010201F7B780014DCEF /* ServiceManager.swift in Sources */,
				50DF519520303BEA00F16FB4 /* VideoPlayerTaskViewController.swift in Sources */,
				506C347A203854B1004E651C /* ContactListViewController.swift in Sources */,
			);
			runOnlyForDeploymentPostprocessing = 0;
		};
		501AE439201849490088983A /* Sources */ = {
			isa = PBXSourcesBuildPhase;
			buildActionMask = 2147483647;
			files = (
				501AE442201849490088983A /* NgageTests.swift in Sources */,
			);
			runOnlyForDeploymentPostprocessing = 0;
		};
		501AE444201849490088983A /* Sources */ = {
			isa = PBXSourcesBuildPhase;
			buildActionMask = 2147483647;
			files = (
				501AE44D201849490088983A /* NgageUITests.swift in Sources */,
			);
			runOnlyForDeploymentPostprocessing = 0;
		};
/* End PBXSourcesBuildPhase section */

/* Begin PBXTargetDependency section */
		501AE43F201849490088983A /* PBXTargetDependency */ = {
			isa = PBXTargetDependency;
			target = 501AE428201849490088983A /* Ngage PH */;
			targetProxy = 501AE43E201849490088983A /* PBXContainerItemProxy */;
		};
		501AE44A201849490088983A /* PBXTargetDependency */ = {
			isa = PBXTargetDependency;
			target = 501AE428201849490088983A /* Ngage PH */;
			targetProxy = 501AE449201849490088983A /* PBXContainerItemProxy */;
		};
/* End PBXTargetDependency section */

/* Begin PBXVariantGroup section */
		501AE430201849490088983A /* Main.storyboard */ = {
			isa = PBXVariantGroup;
			children = (
				501AE431201849490088983A /* Base */,
			);
			name = Main.storyboard;
			sourceTree = "<group>";
		};
		501AE435201849490088983A /* LaunchScreen.storyboard */ = {
			isa = PBXVariantGroup;
			children = (
				501AE436201849490088983A /* Base */,
			);
			name = LaunchScreen.storyboard;
			sourceTree = "<group>";
		};
/* End PBXVariantGroup section */

/* Begin XCBuildConfiguration section */
		501AE44F201849490088983A /* Debug */ = {
			isa = XCBuildConfiguration;
			buildSettings = {
				ALWAYS_SEARCH_USER_PATHS = NO;
				CLANG_ANALYZER_NONNULL = YES;
				CLANG_ANALYZER_NUMBER_OBJECT_CONVERSION = YES_AGGRESSIVE;
				CLANG_CXX_LANGUAGE_STANDARD = "gnu++14";
				CLANG_CXX_LIBRARY = "libc++";
				CLANG_ENABLE_MODULES = YES;
				CLANG_ENABLE_OBJC_ARC = YES;
				CLANG_WARN_BLOCK_CAPTURE_AUTORELEASING = YES;
				CLANG_WARN_BOOL_CONVERSION = YES;
				CLANG_WARN_COMMA = YES;
				CLANG_WARN_CONSTANT_CONVERSION = YES;
				CLANG_WARN_DIRECT_OBJC_ISA_USAGE = YES_ERROR;
				CLANG_WARN_DOCUMENTATION_COMMENTS = YES;
				CLANG_WARN_EMPTY_BODY = YES;
				CLANG_WARN_ENUM_CONVERSION = YES;
				CLANG_WARN_INFINITE_RECURSION = YES;
				CLANG_WARN_INT_CONVERSION = YES;
				CLANG_WARN_NON_LITERAL_NULL_CONVERSION = YES;
				CLANG_WARN_OBJC_LITERAL_CONVERSION = YES;
				CLANG_WARN_OBJC_ROOT_CLASS = YES_ERROR;
				CLANG_WARN_RANGE_LOOP_ANALYSIS = YES;
				CLANG_WARN_STRICT_PROTOTYPES = YES;
				CLANG_WARN_SUSPICIOUS_MOVE = YES;
				CLANG_WARN_UNGUARDED_AVAILABILITY = YES_AGGRESSIVE;
				CLANG_WARN_UNREACHABLE_CODE = YES;
				CLANG_WARN__DUPLICATE_METHOD_MATCH = YES;
				CODE_SIGN_IDENTITY = "iPhone Developer";
				COPY_PHASE_STRIP = NO;
				DEBUG_INFORMATION_FORMAT = dwarf;
				ENABLE_STRICT_OBJC_MSGSEND = YES;
				ENABLE_TESTABILITY = YES;
				GCC_C_LANGUAGE_STANDARD = gnu11;
				GCC_DYNAMIC_NO_PIC = NO;
				GCC_NO_COMMON_BLOCKS = YES;
				GCC_OPTIMIZATION_LEVEL = 0;
				GCC_PREPROCESSOR_DEFINITIONS = (
					"DEBUG=1",
					"$(inherited)",
				);
				GCC_WARN_64_TO_32_BIT_CONVERSION = YES;
				GCC_WARN_ABOUT_RETURN_TYPE = YES_ERROR;
				GCC_WARN_UNDECLARED_SELECTOR = YES;
				GCC_WARN_UNINITIALIZED_AUTOS = YES_AGGRESSIVE;
				GCC_WARN_UNUSED_FUNCTION = YES;
				GCC_WARN_UNUSED_VARIABLE = YES;
				IPHONEOS_DEPLOYMENT_TARGET = 11.0;
				MTL_ENABLE_DEBUG_INFO = YES;
				ONLY_ACTIVE_ARCH = YES;
				SDKROOT = iphoneos;
				SWIFT_ACTIVE_COMPILATION_CONDITIONS = DEBUG;
				SWIFT_OPTIMIZATION_LEVEL = "-Onone";
			};
			name = Debug;
		};
		501AE450201849490088983A /* Release */ = {
			isa = XCBuildConfiguration;
			buildSettings = {
				ALWAYS_SEARCH_USER_PATHS = NO;
				CLANG_ANALYZER_NONNULL = YES;
				CLANG_ANALYZER_NUMBER_OBJECT_CONVERSION = YES_AGGRESSIVE;
				CLANG_CXX_LANGUAGE_STANDARD = "gnu++14";
				CLANG_CXX_LIBRARY = "libc++";
				CLANG_ENABLE_MODULES = YES;
				CLANG_ENABLE_OBJC_ARC = YES;
				CLANG_WARN_BLOCK_CAPTURE_AUTORELEASING = YES;
				CLANG_WARN_BOOL_CONVERSION = YES;
				CLANG_WARN_COMMA = YES;
				CLANG_WARN_CONSTANT_CONVERSION = YES;
				CLANG_WARN_DIRECT_OBJC_ISA_USAGE = YES_ERROR;
				CLANG_WARN_DOCUMENTATION_COMMENTS = YES;
				CLANG_WARN_EMPTY_BODY = YES;
				CLANG_WARN_ENUM_CONVERSION = YES;
				CLANG_WARN_INFINITE_RECURSION = YES;
				CLANG_WARN_INT_CONVERSION = YES;
				CLANG_WARN_NON_LITERAL_NULL_CONVERSION = YES;
				CLANG_WARN_OBJC_LITERAL_CONVERSION = YES;
				CLANG_WARN_OBJC_ROOT_CLASS = YES_ERROR;
				CLANG_WARN_RANGE_LOOP_ANALYSIS = YES;
				CLANG_WARN_STRICT_PROTOTYPES = YES;
				CLANG_WARN_SUSPICIOUS_MOVE = YES;
				CLANG_WARN_UNGUARDED_AVAILABILITY = YES_AGGRESSIVE;
				CLANG_WARN_UNREACHABLE_CODE = YES;
				CLANG_WARN__DUPLICATE_METHOD_MATCH = YES;
				CODE_SIGN_IDENTITY = "iPhone Developer";
				COPY_PHASE_STRIP = NO;
				DEBUG_INFORMATION_FORMAT = "dwarf-with-dsym";
				ENABLE_NS_ASSERTIONS = NO;
				ENABLE_STRICT_OBJC_MSGSEND = YES;
				GCC_C_LANGUAGE_STANDARD = gnu11;
				GCC_NO_COMMON_BLOCKS = YES;
				GCC_WARN_64_TO_32_BIT_CONVERSION = YES;
				GCC_WARN_ABOUT_RETURN_TYPE = YES_ERROR;
				GCC_WARN_UNDECLARED_SELECTOR = YES;
				GCC_WARN_UNINITIALIZED_AUTOS = YES_AGGRESSIVE;
				GCC_WARN_UNUSED_FUNCTION = YES;
				GCC_WARN_UNUSED_VARIABLE = YES;
				IPHONEOS_DEPLOYMENT_TARGET = 11.0;
				MTL_ENABLE_DEBUG_INFO = NO;
				SDKROOT = iphoneos;
				SWIFT_OPTIMIZATION_LEVEL = "-Owholemodule";
				VALIDATE_PRODUCT = YES;
			};
			name = Release;
		};
		501AE452201849490088983A /* Debug */ = {
			isa = XCBuildConfiguration;
			baseConfigurationReference = 586FB7E2959E8ACDCF4078B7 /* Pods-Ngage.debug.xcconfig */;
			buildSettings = {
				ASSETCATALOG_COMPILER_APPICON_NAME = AppIcon;
				CLANG_ENABLE_MODULES = YES;
				CODE_SIGN_ENTITLEMENTS = "Ngage/Ngage PH.entitlements";
				"CODE_SIGN_IDENTITY[sdk=iphoneos*]" = "iPhone Developer";
				CODE_SIGN_STYLE = Manual;
				DEVELOPMENT_TEAM = 7R395RP3E5;
				INFOPLIST_FILE = Ngage/Info.plist;
				LD_RUNPATH_SEARCH_PATHS = "$(inherited) @executable_path/Frameworks";
				PRODUCT_BUNDLE_IDENTIFIER = com.zedph.Ngage;
				PRODUCT_NAME = "Ngage PH";
				PROVISIONING_PROFILE = "4b50b2d2-2dc9-4001-b1d8-11d055638c40";
				PROVISIONING_PROFILE_SPECIFIER = NgageDev;
				SWIFT_OBJC_BRIDGING_HEADER = "Ngage/View/Ngage-Bridging-Header.h";
				SWIFT_OPTIMIZATION_LEVEL = "-Onone";
				SWIFT_VERSION = 4.0;
				TARGETED_DEVICE_FAMILY = "1,2";
			};
			name = Debug;
		};
		501AE453201849490088983A /* Release */ = {
			isa = XCBuildConfiguration;
			baseConfigurationReference = BAEEEA30556FD08E1DF705E3 /* Pods-Ngage.release.xcconfig */;
			buildSettings = {
				ASSETCATALOG_COMPILER_APPICON_NAME = AppIcon;
				CLANG_ENABLE_MODULES = YES;
				CODE_SIGN_ENTITLEMENTS = "Ngage/Ngage PH.entitlements";
				"CODE_SIGN_IDENTITY[sdk=iphoneos*]" = "iPhone Distribution";
				CODE_SIGN_STYLE = Manual;
				DEVELOPMENT_TEAM = 7R395RP3E5;
				INFOPLIST_FILE = Ngage/Info.plist;
				LD_RUNPATH_SEARCH_PATHS = "$(inherited) @executable_path/Frameworks";
				PRODUCT_BUNDLE_IDENTIFIER = com.zedph.Ngage;
				PRODUCT_NAME = "Ngage PH";
				PROVISIONING_PROFILE = "f243f0dc-c1d8-4cb2-a7eb-fe6222d6399c";
				PROVISIONING_PROFILE_SPECIFIER = "ZedPh-Ngage";
				SWIFT_OBJC_BRIDGING_HEADER = "Ngage/View/Ngage-Bridging-Header.h";
				SWIFT_VERSION = 4.0;
				TARGETED_DEVICE_FAMILY = "1,2";
			};
			name = Release;
		};
		501AE455201849490088983A /* Debug */ = {
			isa = XCBuildConfiguration;
			baseConfigurationReference = 1634997F46C90DB1903E090C /* Pods-NgageTests.debug.xcconfig */;
			buildSettings = {
				ALWAYS_EMBED_SWIFT_STANDARD_LIBRARIES = YES;
				BUNDLE_LOADER = "$(TEST_HOST)";
				CODE_SIGN_STYLE = Automatic;
				INFOPLIST_FILE = NgageTests/Info.plist;
				LD_RUNPATH_SEARCH_PATHS = "$(inherited) @executable_path/Frameworks @loader_path/Frameworks";
				PRODUCT_BUNDLE_IDENTIFIER = com.zed.NgageTests;
				PRODUCT_NAME = "$(TARGET_NAME)";
				SWIFT_VERSION = 4.0;
				TARGETED_DEVICE_FAMILY = "1,2";
				TEST_HOST = "$(BUILT_PRODUCTS_DIR)/Ngage PH.app/Ngage PH";
			};
			name = Debug;
		};
		501AE456201849490088983A /* Release */ = {
			isa = XCBuildConfiguration;
			baseConfigurationReference = 8EE64851D4D24F7D9D371790 /* Pods-NgageTests.release.xcconfig */;
			buildSettings = {
				ALWAYS_EMBED_SWIFT_STANDARD_LIBRARIES = YES;
				BUNDLE_LOADER = "$(TEST_HOST)";
				CODE_SIGN_STYLE = Automatic;
				INFOPLIST_FILE = NgageTests/Info.plist;
				LD_RUNPATH_SEARCH_PATHS = "$(inherited) @executable_path/Frameworks @loader_path/Frameworks";
				PRODUCT_BUNDLE_IDENTIFIER = com.zed.NgageTests;
				PRODUCT_NAME = "$(TARGET_NAME)";
				SWIFT_VERSION = 4.0;
				TARGETED_DEVICE_FAMILY = "1,2";
				TEST_HOST = "$(BUILT_PRODUCTS_DIR)/Ngage PH.app/Ngage PH";
			};
			name = Release;
		};
		501AE458201849490088983A /* Debug */ = {
			isa = XCBuildConfiguration;
			baseConfigurationReference = 59F4CF8D427844D6EDE6CFD8 /* Pods-NgageUITests.debug.xcconfig */;
			buildSettings = {
				ALWAYS_EMBED_SWIFT_STANDARD_LIBRARIES = YES;
				CODE_SIGN_STYLE = Automatic;
				INFOPLIST_FILE = NgageUITests/Info.plist;
				LD_RUNPATH_SEARCH_PATHS = "$(inherited) @executable_path/Frameworks @loader_path/Frameworks";
				PRODUCT_BUNDLE_IDENTIFIER = com.zed.NgageUITests;
				PRODUCT_NAME = "$(TARGET_NAME)";
				SWIFT_VERSION = 4.0;
				TARGETED_DEVICE_FAMILY = "1,2";
				TEST_TARGET_NAME = Ngage;
			};
			name = Debug;
		};
		501AE459201849490088983A /* Release */ = {
			isa = XCBuildConfiguration;
			baseConfigurationReference = 2104C45A66AF35AF536B3938 /* Pods-NgageUITests.release.xcconfig */;
			buildSettings = {
				ALWAYS_EMBED_SWIFT_STANDARD_LIBRARIES = YES;
				CODE_SIGN_STYLE = Automatic;
				INFOPLIST_FILE = NgageUITests/Info.plist;
				LD_RUNPATH_SEARCH_PATHS = "$(inherited) @executable_path/Frameworks @loader_path/Frameworks";
				PRODUCT_BUNDLE_IDENTIFIER = com.zed.NgageUITests;
				PRODUCT_NAME = "$(TARGET_NAME)";
				SWIFT_VERSION = 4.0;
				TARGETED_DEVICE_FAMILY = "1,2";
				TEST_TARGET_NAME = Ngage;
			};
			name = Release;
		};
/* End XCBuildConfiguration section */

/* Begin XCConfigurationList section */
		501AE424201849490088983A /* Build configuration list for PBXProject "Ngage PH" */ = {
			isa = XCConfigurationList;
			buildConfigurations = (
				501AE44F201849490088983A /* Debug */,
				501AE450201849490088983A /* Release */,
			);
			defaultConfigurationIsVisible = 0;
			defaultConfigurationName = Release;
		};
		501AE451201849490088983A /* Build configuration list for PBXNativeTarget "Ngage PH" */ = {
			isa = XCConfigurationList;
			buildConfigurations = (
				501AE452201849490088983A /* Debug */,
				501AE453201849490088983A /* Release */,
			);
			defaultConfigurationIsVisible = 0;
			defaultConfigurationName = Release;
		};
		501AE454201849490088983A /* Build configuration list for PBXNativeTarget "Ngage PHTests" */ = {
			isa = XCConfigurationList;
			buildConfigurations = (
				501AE455201849490088983A /* Debug */,
				501AE456201849490088983A /* Release */,
			);
			defaultConfigurationIsVisible = 0;
			defaultConfigurationName = Release;
		};
		501AE457201849490088983A /* Build configuration list for PBXNativeTarget "Ngage PHUITests" */ = {
			isa = XCConfigurationList;
			buildConfigurations = (
				501AE458201849490088983A /* Debug */,
				501AE459201849490088983A /* Release */,
			);
			defaultConfigurationIsVisible = 0;
			defaultConfigurationName = Release;
		};
/* End XCConfigurationList section */

/* Begin XCVersionGroup section */
		8CDE8494201F69C400C525A4 /* Ngage.xcdatamodeld */ = {
			isa = XCVersionGroup;
			children = (
				8CDE8495201F69C400C525A4 /* Ngage.xcdatamodel */,
				8CDE8496201F69C400C525A4 /* Model.xcdatamodel */,
			);
			currentVersion = 8CDE8495201F69C400C525A4 /* Ngage.xcdatamodel */;
			path = Ngage.xcdatamodeld;
			sourceTree = "<group>";
			versionGroupType = wrapper.xcdatamodel;
		};
/* End XCVersionGroup section */
	};
	rootObject = 501AE421201849490088983A /* Project object */;
}
